
Microsoft Visual Studio Solution File, Format Version 12.00
# Visual Studio Version 17
VisualStudioVersion = 17.5.33627.172
MinimumVisualStudioVersion = 10.0.40219.1
Project("{2150E333-8FDC-42A3-9474-1A3956D46DE8}") = "1-Presentation", "1-Presentation", "{A18FE57F-4DD9-4E1C-A321-674A365CD6FA}"
EndProject
Project("{2150E333-8FDC-42A3-9474-1A3956D46DE8}") = "2-ApplicationCore", "2-ApplicationCore", "{2BC770DB-B496-4B54-8ADD-882D0BD01DB2}"
EndProject
Project("{2150E333-8FDC-42A3-9474-1A3956D46DE8}") = "3-Infrastructure", "3-Infrastructure", "{B686D0BA-1874-46B5-B682-7C1FDC4AAFED}"
EndProject
Project("{2150E333-8FDC-42A3-9474-1A3956D46DE8}") = "1.1-Test", "1.1-Test", "{1005B8E5-86B5-49CB-8816-A24B4D225E2D}"
EndProject
Project("{2150E333-8FDC-42A3-9474-1A3956D46DE8}") = "1.2-Web", "1.2-Web", "{C58BC1D4-3511-4E77-B6FA-A9CA599DE80D}"
EndProject
Project("{9A19103F-16F7-4668-BE54-9A1E7A4F7556}") = "SiControleCaixa.ApplicationCore.IoC", "SiControleCaixa.Core.IoC\SiControleCaixa.ApplicationCore.IoC.csproj", "{30DC9A58-54A7-4A20-90C6-C25C0292CD64}"
EndProject
Project("{9A19103F-16F7-4668-BE54-9A1E7A4F7556}") = "SiControleCaixa.Application.NET7.WebApi", "SiControleCaixa.Application.NET7.WebApi\SiControleCaixa.Application.NET7.WebApi.csproj", "{0801B393-2760-4EAB-B951-5DA173F090B0}"
EndProject
Project("{9A19103F-16F7-4668-BE54-9A1E7A4F7556}") = "SiControleCaixa.ApplicationCore.BusinessServices", "SiControleCaixa.ApplicationCore.BusinessServices\SiControleCaixa.ApplicationCore.BusinessServices.csproj", "{6B1DA22B-34A8-4571-A422-F21A19C61E28}"
EndProject
Project("{9A19103F-16F7-4668-BE54-9A1E7A4F7556}") = "SiControleCaixa.ApplicationCore.DTO", "SiControleCaixa.ApplicationCore.DTO\SiControleCaixa.ApplicationCore.DTO.csproj", "{0D3A0138-ECDB-4CD6-84D3-C4D8C3B615D8}"
EndProject
Project("{9A19103F-16F7-4668-BE54-9A1E7A4F7556}") = "SiControleCaixa.Infrastructure.Data", "SiControleCaixa.Infrastructure.Data\SiControleCaixa.Infrastructure.Data.csproj", "{0F827B4F-1D3C-471C-A55D-A3E35DCE8243}"
EndProject
Project("{9A19103F-16F7-4668-BE54-9A1E7A4F7556}") = "SiControleCaixa.Infrastructure.Data.Repository", "SiControleCaixa.Infrastructure.Data.Repository\SiControleCaixa.Infrastructure.Data.Repository.csproj", "{C673A0E5-E6E8-424C-A01C-462328046F1F}"
EndProject
Project("{FAE04EC0-301F-11D3-BF4B-00C04F79EFBC}") = "SiControleCaixa.Application.NET7.Tests", "SiControleCaixa.Application.NET7.Tests\SiControleCaixa.Application.NET7.Tests.csproj", "{7C42A382-0FC0-4DF2-8B69-F0172B963D6D}"
EndProject
Global
	GlobalSection(SolutionConfigurationPlatforms) = preSolution
		Debug|Any CPU = Debug|Any CPU
		Release|Any CPU = Release|Any CPU
	EndGlobalSection
	GlobalSection(ProjectConfigurationPlatforms) = postSolution
		{30DC9A58-54A7-4A20-90C6-C25C0292CD64}.Debug|Any CPU.ActiveCfg = Debug|Any CPU
		{30DC9A58-54A7-4A20-90C6-C25C0292CD64}.Debug|Any CPU.Build.0 = Debug|Any CPU
		{30DC9A58-54A7-4A20-90C6-C25C0292CD64}.Release|Any CPU.ActiveCfg = Release|Any CPU
		{30DC9A58-54A7-4A20-90C6-C25C0292CD64}.Release|Any CPU.Build.0 = Release|Any CPU
		{0801B393-2760-4EAB-B951-5DA173F090B0}.Debug|Any CPU.ActiveCfg = Debug|Any CPU
		{0801B393-2760-4EAB-B951-5DA173F090B0}.Debug|Any CPU.Build.0 = Debug|Any CPU
		{0801B393-2760-4EAB-B951-5DA173F090B0}.Release|Any CPU.ActiveCfg = Release|Any CPU
		{0801B393-2760-4EAB-B951-5DA173F090B0}.Release|Any CPU.Build.0 = Release|Any CPU
		{6B1DA22B-34A8-4571-A422-F21A19C61E28}.Debug|Any CPU.ActiveCfg = Debug|Any CPU
		{6B1DA22B-34A8-4571-A422-F21A19C61E28}.Debug|Any CPU.Build.0 = Debug|Any CPU
		{6B1DA22B-34A8-4571-A422-F21A19C61E28}.Release|Any CPU.ActiveCfg = Release|Any CPU
		{6B1DA22B-34A8-4571-A422-F21A19C61E28}.Release|Any CPU.Build.0 = Release|Any CPU
		{0D3A0138-ECDB-4CD6-84D3-C4D8C3B615D8}.Debug|Any CPU.ActiveCfg = Debug|Any CPU
		{0D3A0138-ECDB-4CD6-84D3-C4D8C3B615D8}.Debug|Any CPU.Build.0 = Debug|Any CPU
		{0D3A0138-ECDB-4CD6-84D3-C4D8C3B615D8}.Release|Any CPU.ActiveCfg = Release|Any CPU
		{0D3A0138-ECDB-4CD6-84D3-C4D8C3B615D8}.Release|Any CPU.Build.0 = Release|Any CPU
		{0F827B4F-1D3C-471C-A55D-A3E35DCE8243}.Debug|Any CPU.ActiveCfg = Debug|Any CPU
		{0F827B4F-1D3C-471C-A55D-A3E35DCE8243}.Debug|Any CPU.Build.0 = Debug|Any CPU
		{0F827B4F-1D3C-471C-A55D-A3E35DCE8243}.Release|Any CPU.ActiveCfg = Release|Any CPU
		{0F827B4F-1D3C-471C-A55D-A3E35DCE8243}.Release|Any CPU.Build.0 = Release|Any CPU
		{C673A0E5-E6E8-424C-A01C-462328046F1F}.Debug|Any CPU.ActiveCfg = Debug|Any CPU
		{C673A0E5-E6E8-424C-A01C-462328046F1F}.Debug|Any CPU.Build.0 = Debug|Any CPU
		{C673A0E5-E6E8-424C-A01C-462328046F1F}.Release|Any CPU.ActiveCfg = Release|Any CPU
		{C673A0E5-E6E8-424C-A01C-462328046F1F}.Release|Any CPU.Build.0 = Release|Any CPU
		{7C42A382-0FC0-4DF2-8B69-F0172B963D6D}.Debug|Any CPU.ActiveCfg = Debug|Any CPU
		{7C42A382-0FC0-4DF2-8B69-F0172B963D6D}.Debug|Any CPU.Build.0 = Debug|Any CPU
		{7C42A382-0FC0-4DF2-8B69-F0172B963D6D}.Release|Any CPU.ActiveCfg = Release|Any CPU
		{7C42A382-0FC0-4DF2-8B69-F0172B963D6D}.Release|Any CPU.Build.0 = Release|Any CPU
	EndGlobalSection
	GlobalSection(SolutionProperties) = preSolution
		HideSolutionNode = FALSE
	EndGlobalSection
	GlobalSection(NestedProjects) = preSolution
		{1005B8E5-86B5-49CB-8816-A24B4D225E2D} = {A18FE57F-4DD9-4E1C-A321-674A365CD6FA}
		{C58BC1D4-3511-4E77-B6FA-A9CA599DE80D} = {A18FE57F-4DD9-4E1C-A321-674A365CD6FA}
		{30DC9A58-54A7-4A20-90C6-C25C0292CD64} = {2BC770DB-B496-4B54-8ADD-882D0BD01DB2}
		{0801B393-2760-4EAB-B951-5DA173F090B0} = {C58BC1D4-3511-4E77-B6FA-A9CA599DE80D}
		{6B1DA22B-34A8-4571-A422-F21A19C61E28} = {2BC770DB-B496-4B54-8ADD-882D0BD01DB2}
		{0D3A0138-ECDB-4CD6-84D3-C4D8C3B615D8} = {2BC770DB-B496-4B54-8ADD-882D0BD01DB2}
		{0F827B4F-1D3C-471C-A55D-A3E35DCE8243} = {B686D0BA-1874-46B5-B682-7C1FDC4AAFED}
		{C673A0E5-E6E8-424C-A01C-462328046F1F} = {B686D0BA-1874-46B5-B682-7C1FDC4AAFED}
		{7C42A382-0FC0-4DF2-8B69-F0172B963D6D} = {1005B8E5-86B5-49CB-8816-A24B4D225E2D}
	EndGlobalSection
	GlobalSection(ExtensibilityGlobals) = postSolution
		SolutionGuid = {6C87A3FA-A26E-4A85-81A9-2A915BFBC23F}
	EndGlobalSection
EndGlobal
